// !$*UTF8*$!
{
	archiveVersion = 1;
	classes = {
	};
	objectVersion = 46;
	objects = {

/* Begin PBXBuildFile section */
		DE9428BB198749E70049A907 /* AppDelegate.swift in Sources */ = {isa = PBXBuildFile; fileRef = DE9428BA198749E70049A907 /* AppDelegate.swift */; };
		DE9428BD198749E70049A907 /* MasterViewController.swift in Sources */ = {isa = PBXBuildFile; fileRef = DE9428BC198749E70049A907 /* MasterViewController.swift */; };
		DE9428BF198749E70049A907 /* DetailViewController.swift in Sources */ = {isa = PBXBuildFile; fileRef = DE9428BE198749E70049A907 /* DetailViewController.swift */; };
		DE9428C2198749E70049A907 /* Main.storyboard in Resources */ = {isa = PBXBuildFile; fileRef = DE9428C0198749E70049A907 /* Main.storyboard */; };
		DE9428C4198749E70049A907 /* Images.xcassets in Resources */ = {isa = PBXBuildFile; fileRef = DE9428C3198749E70049A907 /* Images.xcassets */; };
		DE9428D0198749E70049A907 /* SwifferTests.swift in Sources */ = {isa = PBXBuildFile; fileRef = DE9428CF198749E70049A907 /* SwifferTests.swift */; };
/* End PBXBuildFile section */

/* Begin PBXContainerItemProxy section */
		DE9428CA198749E70049A907 /* PBXContainerItemProxy */ = {
			isa = PBXContainerItemProxy;
			containerPortal = DE9428AD198749E70049A907 /* Project object */;
			proxyType = 1;
			remoteGlobalIDString = DE9428B4198749E70049A907;
			remoteInfo = Swiffer;
		};
/* End PBXContainerItemProxy section */

/* Begin PBXFileReference section */
		DE9428B5198749E70049A907 /* Swiffer.app */ = {isa = PBXFileReference; explicitFileType = wrapper.application; includeInIndex = 0; path = Swiffer.app; sourceTree = BUILT_PRODUCTS_DIR; };
		DE9428B9198749E70049A907 /* Info.plist */ = {isa = PBXFileReference; lastKnownFileType = text.plist.xml; path = Info.plist; sourceTree = "<group>"; };
		DE9428BA198749E70049A907 /* AppDelegate.swift */ = {isa = PBXFileReference; lastKnownFileType = sourcecode.swift; path = AppDelegate.swift; sourceTree = "<group>"; };
		DE9428BC198749E70049A907 /* MasterViewController.swift */ = {isa = PBXFileReference; lastKnownFileType = sourcecode.swift; path = MasterViewController.swift; sourceTree = "<group>"; };
		DE9428BE198749E70049A907 /* DetailViewController.swift */ = {isa = PBXFileReference; lastKnownFileType = sourcecode.swift; path = DetailViewController.swift; sourceTree = "<group>"; };
		DE9428C1198749E70049A907 /* Base */ = {isa = PBXFileReference; lastKnownFileType = file.storyboard; name = Base; path = Base.lproj/Main.storyboard; sourceTree = "<group>"; };
		DE9428C3198749E70049A907 /* Images.xcassets */ = {isa = PBXFileReference; lastKnownFileType = folder.assetcatalog; path = Images.xcassets; sourceTree = "<group>"; };
		DE9428C9198749E70049A907 /* SwifferTests.xctest */ = {isa = PBXFileReference; explicitFileType = wrapper.cfbundle; includeInIndex = 0; path = SwifferTests.xctest; sourceTree = BUILT_PRODUCTS_DIR; };
		DE9428CE198749E70049A907 /* Info.plist */ = {isa = PBXFileReference; lastKnownFileType = text.plist.xml; path = Info.plist; sourceTree = "<group>"; };
		DE9428CF198749E70049A907 /* SwifferTests.swift */ = {isa = PBXFileReference; lastKnownFileType = sourcecode.swift; path = SwifferTests.swift; sourceTree = "<group>"; };
/* End PBXFileReference section */

/* Begin PBXFrameworksBuildPhase section */
		DE9428B2198749E70049A907 /* Frameworks */ = {
			isa = PBXFrameworksBuildPhase;
			buildActionMask = 2147483647;
			files = (
			);
			runOnlyForDeploymentPostprocessing = 0;
		};
		DE9428C6198749E70049A907 /* Frameworks */ = {
			isa = PBXFrameworksBuildPhase;
			buildActionMask = 2147483647;
			files = (
			);
			runOnlyForDeploymentPostprocessing = 0;
		};
/* End PBXFrameworksBuildPhase section */

/* Begin PBXGroup section */
		DE9428AC198749E70049A907 = {
			isa = PBXGroup;
			children = (
				DE9428B7198749E70049A907 /* Swiffer */,
				DE9428CC198749E70049A907 /* SwifferTests */,
				DE9428B6198749E70049A907 /* Products */,
			);
			sourceTree = "<group>";
		};
		DE9428B6198749E70049A907 /* Products */ = {
			isa = PBXGroup;
			children = (
				DE9428B5198749E70049A907 /* Swiffer.app */,
				DE9428C9198749E70049A907 /* SwifferTests.xctest */,
			);
			name = Products;
			sourceTree = "<group>";
		};
		DE9428B7198749E70049A907 /* Swiffer */ = {
			isa = PBXGroup;
			children = (
				DE9428BA198749E70049A907 /* AppDelegate.swift */,
				DE9428BC198749E70049A907 /* MasterViewController.swift */,
				DE9428BE198749E70049A907 /* DetailViewController.swift */,
				DE9428C0198749E70049A907 /* Main.storyboard */,
				DE9428C3198749E70049A907 /* Images.xcassets */,
				DE9428B8198749E70049A907 /* Supporting Files */,
			);
			path = Swiffer;
			sourceTree = "<group>";
		};
		DE9428B8198749E70049A907 /* Supporting Files */ = {
			isa = PBXGroup;
			children = (
				DE9428B9198749E70049A907 /* Info.plist */,
			);
			name = "Supporting Files";
			sourceTree = "<group>";
		};
		DE9428CC198749E70049A907 /* SwifferTests */ = {
			isa = PBXGroup;
			children = (
				DE9428CF198749E70049A907 /* SwifferTests.swift */,
				DE9428CD198749E70049A907 /* Supporting Files */,
			);
			path = SwifferTests;
			sourceTree = "<group>";
		};
		DE9428CD198749E70049A907 /* Supporting Files */ = {
			isa = PBXGroup;
			children = (
				DE9428CE198749E70049A907 /* Info.plist */,
			);
			name = "Supporting Files";
			sourceTree = "<group>";
		};
/* End PBXGroup section */

/* Begin PBXNativeTarget section */
		DE9428B4198749E70049A907 /* Swiffer */ = {
			isa = PBXNativeTarget;
			buildConfigurationList = DE9428D3198749E70049A907 /* Build configuration list for PBXNativeTarget "Swiffer" */;
			buildPhases = (
				DE9428B1198749E70049A907 /* Sources */,
				DE9428B2198749E70049A907 /* Frameworks */,
				DE9428B3198749E70049A907 /* Resources */,
			);
			buildRules = (
			);
			dependencies = (
			);
			name = Swiffer;
			productName = Swiffer;
			productReference = DE9428B5198749E70049A907 /* Swiffer.app */;
			productType = "com.apple.product-type.application";
		};
		DE9428C8198749E70049A907 /* SwifferTests */ = {
			isa = PBXNativeTarget;
			buildConfigurationList = DE9428D6198749E70049A907 /* Build configuration list for PBXNativeTarget "SwifferTests" */;
			buildPhases = (
				DE9428C5198749E70049A907 /* Sources */,
				DE9428C6198749E70049A907 /* Frameworks */,
				DE9428C7198749E70049A907 /* Resources */,
			);
			buildRules = (
			);
			dependencies = (
				DE9428CB198749E70049A907 /* PBXTargetDependency */,
			);
			name = SwifferTests;
			productName = SwifferTests;
			productReference = DE9428C9198749E70049A907 /* SwifferTests.xctest */;
			productType = "com.apple.product-type.bundle.unit-test";
		};
/* End PBXNativeTarget section */

/* Begin PBXProject section */
		DE9428AD198749E70049A907 /* Project object */ = {
			isa = PBXProject;
			attributes = {
				LastUpgradeCheck = 0600;
				ORGANIZATIONNAME = "Tony Morales";
				TargetAttributes = {
					DE9428B4198749E70049A907 = {
						CreatedOnToolsVersion = 6.0;
					};
					DE9428C8198749E70049A907 = {
						CreatedOnToolsVersion = 6.0;
						TestTargetID = DE9428B4198749E70049A907;
					};
				};
			};
			buildConfigurationList = DE9428B0198749E70049A907 /* Build configuration list for PBXProject "Swiffer" */;
			compatibilityVersion = "Xcode 3.2";
			developmentRegion = English;
			hasScannedForEncodings = 0;
			knownRegions = (
				en,
				Base,
			);
			mainGroup = DE9428AC198749E70049A907;
			productRefGroup = DE9428B6198749E70049A907 /* Products */;
			projectDirPath = "";
			projectRoot = "";
			targets = (
				DE9428B4198749E70049A907 /* Swiffer */,
				DE9428C8198749E70049A907 /* SwifferTests */,
			);
		};
/* End PBXProject section */

/* Begin PBXResourcesBuildPhase section */
		DE9428B3198749E70049A907 /* Resources */ = {
			isa = PBXResourcesBuildPhase;
			buildActionMask = 2147483647;
			files = (
				DE9428C2198749E70049A907 /* Main.storyboard in Resources */,
				DE9428C4198749E70049A907 /* Images.xcassets in Resources */,
			);
			runOnlyForDeploymentPostprocessing = 0;
		};
		DE9428C7198749E70049A907 /* Resources */ = {
			isa = PBXResourcesBuildPhase;
			buildActionMask = 2147483647;
			files = (
			);
			runOnlyForDeploymentPostprocessing = 0;
		};
/* End PBXResourcesBuildPhase section */

/* Begin PBXSourcesBuildPhase section */
		DE9428B1198749E70049A907 /* Sources */ = {
			isa = PBXSourcesBuildPhase;
			buildActionMask = 2147483647;
			files = (
				DE9428BF198749E70049A907 /* DetailViewController.swift in Sources */,
				DE9428BD198749E70049A907 /* MasterViewController.swift in Sources */,
				DE9428BB198749E70049A907 /* AppDelegate.swift in Sources */,
			);
			runOnlyForDeploymentPostprocessing = 0;
		};
		DE9428C5198749E70049A907 /* Sources */ = {
			isa = PBXSourcesBuildPhase;
			buildActionMask = 2147483647;
			files = (
				DE9428D0198749E70049A907 /* SwifferTests.swift in Sources */,
			);
			runOnlyForDeploymentPostprocessing = 0;
		};
/* End PBXSourcesBuildPhase section */

/* Begin PBXTargetDependency section */
		DE9428CB198749E70049A907 /* PBXTargetDependency */ = {
			isa = PBXTargetDependency;
			target = DE9428B4198749E70049A907 /* Swiffer */;
			targetProxy = DE9428CA198749E70049A907 /* PBXContainerItemProxy */;
		};
/* End PBXTargetDependency section */

/* Begin PBXVariantGroup section */
		DE9428C0198749E70049A907 /* Main.storyboard */ = {
			isa = PBXVariantGroup;
			children = (
				DE9428C1198749E70049A907 /* Base */,
			);
			name = Main.storyboard;
			sourceTree = "<group>";
		};
/* End PBXVariantGroup section */

/* Begin XCBuildConfiguration section */
		DE9428D1198749E70049A907 /* Debug */ = {
			isa = XCBuildConfiguration;
			buildSettings = {
				ALWAYS_SEARCH_USER_PATHS = NO;
				CLANG_CXX_LANGUAGE_STANDARD = "gnu++0x";
				CLANG_CXX_LIBRARY = "libc++";
				CLANG_ENABLE_MODULES = YES;
				CLANG_ENABLE_OBJC_ARC = YES;
				CLANG_WARN_BOOL_CONVERSION = YES;
				CLANG_WARN_CONSTANT_CONVERSION = YES;
				CLANG_WARN_DIRECT_OBJC_ISA_USAGE = YES_ERROR;
				CLANG_WARN_EMPTY_BODY = YES;
				CLANG_WARN_ENUM_CONVERSION = YES;
				CLANG_WARN_INT_CONVERSION = YES;
				CLANG_WARN_OBJC_ROOT_CLASS = YES_ERROR;
				CLANG_WARN_UNREACHABLE_CODE = YES;
				CLANG_WARN__DUPLICATE_METHOD_MATCH = YES;
				"CODE_SIGN_IDENTITY[sdk=iphoneos*]" = "iPhone Developer";
				COPY_PHASE_STRIP = NO;
				ENABLE_STRICT_OBJC_MSGSEND = YES;
				GCC_C_LANGUAGE_STANDARD = gnu99;
				GCC_DYNAMIC_NO_PIC = NO;
				GCC_OPTIMIZATION_LEVEL = 0;
				GCC_PREPROCESSOR_DEFINITIONS = (
					"DEBUG=1",
					"$(inherited)",
				);
				GCC_SYMBOLS_PRIVATE_EXTERN = NO;
				GCC_WARN_64_TO_32_BIT_CONVERSION = YES;
				GCC_WARN_ABOUT_RETURN_TYPE = YES_ERROR;
				GCC_WARN_UNDECLARED_SELECTOR = YES;
				GCC_WARN_UNINITIALIZED_AUTOS = YES_AGGRESSIVE;
				GCC_WARN_UNUSED_FUNCTION = YES;
				GCC_WARN_UNUSED_VARIABLE = YES;
				IPHONEOS_DEPLOYMENT_TARGET = 8.0;
				MTL_ENABLE_DEBUG_INFO = YES;
				ONLY_ACTIVE_ARCH = YES;
				SDKROOT = iphoneos;
				SWIFT_OPTIMIZATION_LEVEL = "-Onone";
			};
			name = Debug;
		};
		DE9428D2198749E70049A907 /* Release */ = {
			isa = XCBuildConfiguration;
			buildSettings = {
				ALWAYS_SEARCH_USER_PATHS = NO;
				CLANG_CXX_LANGUAGE_STANDARD = "gnu++0x";
				CLANG_CXX_LIBRARY = "libc++";
				CLANG_ENABLE_MODULES = YES;
				CLANG_ENABLE_OBJC_ARC = YES;
				CLANG_WARN_BOOL_CONVERSION = YES;
				CLANG_WARN_CONSTANT_CONVERSION = YES;
				CLANG_WARN_DIRECT_OBJC_ISA_USAGE = YES_ERROR;
				CLANG_WARN_EMPTY_BODY = YES;
				CLANG_WARN_ENUM_CONVERSION = YES;
				CLANG_WARN_INT_CONVERSION = YES;
				CLANG_WARN_OBJC_ROOT_CLASS = YES_ERROR;
				CLANG_WARN_UNREACHABLE_CODE = YES;
				CLANG_WARN__DUPLICATE_METHOD_MATCH = YES;
				"CODE_SIGN_IDENTITY[sdk=iphoneos*]" = "iPhone Developer";
				COPY_PHASE_STRIP = YES;
				ENABLE_NS_ASSERTIONS = NO;
				ENABLE_STRICT_OBJC_MSGSEND = YES;
				GCC_C_LANGUAGE_STANDARD = gnu99;
				GCC_WARN_64_TO_32_BIT_CONVERSION = YES;
				GCC_WARN_ABOUT_RETURN_TYPE = YES_ERROR;
				GCC_WARN_UNDECLARED_SELECTOR = YES;
				GCC_WARN_UNINITIALIZED_AUTOS = YES_AGGRESSIVE;
				GCC_WARN_UNUSED_FUNCTION = YES;
				GCC_WARN_UNUSED_VARIABLE = YES;
				IPHONEOS_DEPLOYMENT_TARGET = 8.0;
				MTL_ENABLE_DEBUG_INFO = NO;
				SDKROOT = iphoneos;
				VALIDATE_PRODUCT = YES;
			};
			name = Release;
		};
		DE9428D4198749E70049A907 /* Debug */ = {
			isa = XCBuildConfiguration;
			buildSettings = {
				ASSETCATALOG_COMPILER_APPICON_NAME = AppIcon;
				ASSETCATALOG_COMPILER_LAUNCHIMAGE_NAME = LaunchImage;
				INFOPLIST_FILE = Swiffer/Info.plist;
				LD_RUNPATH_SEARCH_PATHS = "$(inherited) @executable_path/Frameworks";
				PRODUCT_NAME = "$(TARGET_NAME)";
			};
			name = Debug;
		};
		DE9428D5198749E70049A907 /* Release */ = {
			isa = XCBuildConfiguration;
			buildSettings = {
				ASSETCATALOG_COMPILER_APPICON_NAME = AppIcon;
				ASSETCATALOG_COMPILER_LAUNCHIMAGE_NAME = LaunchImage;
				INFOPLIST_FILE = Swiffer/Info.plist;
				LD_RUNPATH_SEARCH_PATHS = "$(inherited) @executable_path/Frameworks";
				PRODUCT_NAME = "$(TARGET_NAME)";
			};
			name = Release;
		};
		DE9428D7198749E70049A907 /* Debug */ = {
			isa = XCBuildConfiguration;
			buildSettings = {
				BUNDLE_LOADER = "$(BUILT_PRODUCTS_DIR)/Swiffer.app/Swiffer";
				FRAMEWORK_SEARCH_PATHS = (
					"$(SDKROOT)/Developer/Library/Frameworks",
					"$(inherited)",
				);
				GCC_PREPROCESSOR_DEFINITIONS = (
					"DEBUG=1",
					"$(inherited)",
				);
				INFOPLIST_FILE = SwifferTests/Info.plist;
				LD_RUNPATH_SEARCH_PATHS = "$(inherited) @executable_path/Frameworks @loader_path/Frameworks";
				PRODUCT_NAME = "$(TARGET_NAME)";
				TEST_HOST = "$(BUNDLE_LOADER)";
			};
			name = Debug;
		};
		DE9428D8198749E70049A907 /* Release */ = {
			isa = XCBuildConfiguration;
			buildSettings = {
				BUNDLE_LOADER = "$(BUILT_PRODUCTS_DIR)/Swiffer.app/Swiffer";
				FRAMEWORK_SEARCH_PATHS = (
					"$(SDKROOT)/Developer/Library/Frameworks",
					"$(inherited)",
				);
				INFOPLIST_FILE = SwifferTests/Info.plist;
				LD_RUNPATH_SEARCH_PATHS = "$(inherited) @executable_path/Frameworks @loader_path/Frameworks";
				PRODUCT_NAME = "$(TARGET_NAME)";
				TEST_HOST = "$(BUNDLE_LOADER)";
			};
			name = Release;
		};
/* End XCBuildConfiguration section */

/* Begin XCConfigurationList section */
		DE9428B0198749E70049A907 /* Build configuration list for PBXProject "Swiffer" */ = {
			isa = XCConfigurationList;
			buildConfigurations = (
				DE9428D1198749E70049A907 /* Debug */,
				DE9428D2198749E70049A907 /* Release */,
			);
			defaultConfigurationIsVisible = 0;
			defaultConfigurationName = Release;
		};
		DE9428D3198749E70049A907 /* Build configuration list for PBXNativeTarget "Swiffer" */ = {
			isa = XCConfigurationList;
			buildConfigurations = (
				DE9428D4198749E70049A907 /* Debug */,
				DE9428D5198749E70049A907 /* Release */,
			);
			defaultConfigurationIsVisible = 0;
		};
		DE9428D6198749E70049A907 /* Build configuration list for PBXNativeTarget "SwifferTests" */ = {
			isa = XCConfigurationList;
			buildConfigurations = (
				DE9428D7198749E70049A907 /* Debug */,
				DE9428D8198749E70049A907 /* Release */,
			);
			defaultConfigurationIsVisible = 0;
		};
/* End XCConfigurationList section */
	};
	rootObject = DE9428AD198749E70049A907 /* Project object */;
}
